
Microsoft Visual Studio Solution File, Format Version 12.00
# Visual Studio Version 16
VisualStudioVersion = 16.0.30804.86
MinimumVisualStudioVersion = 10.0.40219.1
Project("{FAE04EC0-301F-11D3-BF4B-00C04F79EFBC}") = "BusParkDispatcher", "BusParkDispatcher\BusParkDispatcher.csproj", "{80774AB4-4778-4F00-B602-2998EB3296ED}"
EndProject
Global
	GlobalSection(SolutionConfigurationPlatforms) = preSolution
		Debug|Any CPU = Debug|Any CPU
		Release|Any CPU = Release|Any CPU
	EndGlobalSection
	GlobalSection(ProjectConfigurationPlatforms) = postSolution
		{80774AB4-4778-4F00-B602-2998EB3296ED}.Debug|Any CPU.ActiveCfg = Debug|Any CPU
		{80774AB4-4778-4F00-B602-2998EB3296ED}.Debug|Any CPU.Build.0 = Debug|Any CPU
		{80774AB4-4778-4F00-B602-2998EB3296ED}.Release|Any CPU.ActiveCfg = Release|Any CPU
		{80774AB4-4778-4F00-B602-2998EB3296ED}.Release|Any CPU.Build.0 = Release|Any CPU
	EndGlobalSection
	GlobalSection(SolutionProperties) = preSolution
		HideSolutionNode = FALSE
	EndGlobalSection
	GlobalSection(ExtensibilityGlobals) = postSolution
		SolutionGuid = {CBB070D8-45D0-4E3E-807C-906ED8C99116}
	EndGlobalSection
EndGlobal
